# This file was autogenerated by uv via the following command:
#    uv export --frozen --no-dev --no-emit-project --format requirements-txt -o requirements.lock
aiosqlite==0.22.1 \
    --hash=sha256:043e0bd78d32888c0a9ca90fc788b38796843360c855a7262a532813133a0650 \
    --hash=sha256:21c002eb13823fad740196c5a2e9d8e62f6243bd9e7e4a1f87fb5e44ecb4fceb
    # via
    #   company-brain
    #   langgraph-checkpoint-sqlite
annotated-doc==0.0.5 \
    --hash=sha256:117bac03a25ede5df5440e855b32d556049ca169ead221505badf432fed4b101 \
    --hash=sha256:c7e58ce09192557605d8bbd92836d7e1d520ac9580096042c0bfd197efacf1bb
    # via fastapi
annotated-types==0.8.0 \
    --hash=sha256:13b2beaad985e05e2d6407ee4c4f35590b11f8d693a258a561055cac8f64cab7 \
    --hash=sha256:f072f4d804ea359e4eaf198b1af7a8b0943881a87f31bb764f8bf219bb9419e0
    # via pydantic
anyio==4.15.1 \
    --hash=sha256:6152fdbbf9a77fdec97731721bebf7c4c44f7c29b424b0065826173efc7ed101 \
    --hash=sha256:9f28306018cbd6d329e64a36d58256edff76dd996fe423bc957326e578b82a94
    # via
    #   httpx
    #   httpx2
    #   langsmith
    #   openai
    #   starlette
certifi==2026.7.22 \
    --hash=sha256:62f22742b58a1a33014a2b6b706588a8d7e2a88ae7bd1a6ebe8c992928483775 \
    --hash=sha256:741e2c3b351ddf169a738da9f2c048608ff7f2c5cc02f1ebc6b118bb090d5d55
    # via
    #   httpcore
    #   httpx
    #   langchain-openai
    #   requests
cffi==2.1.1 ; platform_python_implementation != 'PyPy' \
    --hash=sha256:046bfc24911b37851ee1b51aab8bffe713d89c68c6a057b09484ce9fd5f69b4e \
    --hash=sha256:208f941bb9d18e768138677f0a6d2ce01f590df56043dda1df1535ac57c88517 \
    --hash=sha256:210019b6c7cf07f081b4c54635c8cf744377001350e29cc0f81c4377b4797735 \
    --hash=sha256:3143d81e29e1e20a9ce10901ec369012947876596f75a222235965f2b7ae832e \
    --hash=sha256:4a7c934f7360e8cd64fe9efadcbd10c7c6364f531e432b9a4bf5ccbc9e0e8b50 \
    --hash=sha256:68e62fe11f30d5ca8289242866f0a5291402d8529ca2178ab8afc5c9694ae890 \
    --hash=sha256:7bde5e4cc5c10140859842b9d383af292b22639a4dffb725314baf45968cef80 \
    --hash=sha256:811bd1e21d32de12efca32393a0ab3f5133b54fce9bd44b8bd77ab07da14bf6a \
    --hash=sha256:c1453022f490d2459a11819d83ad1d586e9ff65a12ac3e705ffebd46d3685dcf \
    --hash=sha256:c8c69575568085ba0b1b10c0249d779a214aea6f6522e949a0fc9fb0fcb449d0 \
    --hash=sha256:dd31f52ea1086513bb9df30f8fcee9b8918323ae067a3d5b78bc826a000712be \
    --hash=sha256:f53e442b08449d42821fa4a4fba000095af9f62742a500f978a9f557ec44339a \
    --hash=sha256:f81b3b8f3d4e343550fa4baa0e479bba9f2d29ce9c2e9b51d1ce1718d7442fcf
    # via cryptography
charset-normalizer==3.5.2 \
    --hash=sha256:01077390b03f7988f11d700a2194e69b119741a86b1a638b1db88891e3eced8e \
    --hash=sha256:01b0c0d2262a9e28e8484a278c7e1b5d650e3ac8cf2683d2967e25899f208bdf \
    --hash=sha256:0774bf9bf620249fee3e0b8b9fd3065de213be30f3aa94ce2494b3b638949e26 \
    --hash=sha256:0fed1d06615f022ee3b13caf5e8b180cfea32bb2c5aded8a9d44277afc040f93 \
    --hash=sha256:11a4d68a6ecda3292cb1e50239e111543ba5d709bb62a6b4ea1afcfa729d8875 \
    --hash=sha256:1c50fe28bbc2ced33386f298650d91218076c05420e6cbd790b913adc41659e7 \
    --hash=sha256:1db38f4c5496827c1a501846d64d14c3b80c7e6714e406cd7dc36a9899fa1011 \
    --hash=sha256:23851fb4e1b85ed3f6c2a27b777cdfe2e19fb5b38429a8faf38c7542b7665869 \
    --hash=sha256:2ce45c6627b22c47e390bc91a41c3d13032192e699fa0bea96e9671b373d69b0 \
    --hash=sha256:304d8e4d493af723536393eee0c689eb7813f4a474c8b479dee63f1fdd98f621 \
    --hash=sha256:355ad8011081dec5412240c087a9a0c9d4d5039f3ed11a3f13e18c2b29b56c51 \
    --hash=sha256:38a873987f3be698494da8b2e3085e29da02da7b633dce73e79c699a113d7bf0 \
    --hash=sha256:39de2a259fc954455c57274dc94c79d5842774e1247a016aff30bc0efed0f4ef \
    --hash=sha256:3d31298449090ab8d47b7b1b2a555ff73cac7ed438a08b7ac160980c7ebed649 \
    --hash=sha256:40ab6bffa02ae10a0581e6c198be7d2d8ca5c2a0c64e4ed3465d766df457573e \
    --hash=sha256:4275811936e2f06feff5e598fb42a1b7ae852da8e39605211892b56b81a34efd \
    --hash=sha256:5cde776b7cc66e4f6c99612cea4aa7269aa65863f7a15841b2c264f103822f4e \
    --hash=sha256:780fbe7cab297b81dad9fb8dc5eb003c0468ffb0d9e5f65068c53a34661a96bc \
    --hash=sha256:7e841fb9010836c992c9f12fcbd43a831de93a5f726fc1ccd8ca1d0268c5014c \
    --hash=sha256:838dcc90063569a0448120554591a1d6c4a4ffe11babf048908793154ab86ade \
    --hash=sha256:9b7f416ff0978e2f2249330527f0ad6fa02f4932e6199692d3b52da2048c19e4 \
    --hash=sha256:9cae88599c7219005d879f98e5ed53341e9a122af585e1091200358a3003d2a0 \
    --hash=sha256:9f56f72050826f63dcee7a7f55b0a77168cb3bfc553fd405e7f8f9ece75a4036 \
    --hash=sha256:a815775b6c38d4e0ff7bcffbeba67feded90202bb6a226b8dd35f1c855217413 \
    --hash=sha256:ae4f5fea5b8b8ccff88238cc8569303e5ee95efae67fa62922a311397a71f346 \
    --hash=sha256:b6b751274acb69d77b3323d6b7dbaa3c7fdfc1eb829b7eb61d262f32e1af9685 \
    --hash=sha256:b91363207bd9dc966a691e959bb47f64b30f7ac4b072be9968b366982f7db77c \
    --hash=sha256:d19fbd981a488e22cd04883659ca6b08f50b5974f9fd7c95655ef6a043e5893f \
    --hash=sha256:d6734d2ef8a50fbf8445c139477da401f50d62a0606bf00e20ec6d87773fefb1 \
    --hash=sha256:db19d07e2e0129e974a0e65d0064fc222a446cd5122c2fd4184d2af9fc734a9e \
    --hash=sha256:e2af3aad578aa6bd1384bcf4750fc285e5a9de53f40b7d41e5a0bf748edeb2b3 \
    --hash=sha256:ed2a239c0ea213acc1908150a3037257083c7c083128f1a4cec2ec4b97dca491 \
    --hash=sha256:ee21e28f0430bd6dc9086c6e525d5e818a44a5ad19720c8a0ef766792f3eb5e5 \
    --hash=sha256:f7d486c83842422badd511868fd8a9a20e9407ace71564b6af47ce7e60a336c1
    # via requests
click==8.5.0 \
    --hash=sha256:255bc9599cf7748b4b1a446ccc735421bd08a2ae529a8b88597d3de5664ee360 \
    --hash=sha256:ba0d2089de75ea0310e2dde03160e6ca10009947fb95a182f9b54021bb272e34
    # via uvicorn
cryptography==50.0.2 \
    --hash=sha256:0ddc924c04591c2811ca024d62ecad4f7f6f08af8939c211438f48a16bd23602 \
    --hash=sha256:0ec5f09541743261e66e291b4a0cbf0fb2997aeaab6d9e9c740b9dba1b58d1c2 \
    --hash=sha256:1981f1db4630889b9ef7803fadef12b056f428cb6b85c27ba57b774793b6093c \
    --hash=sha256:25784ce8b9621c90c643efb9e1e2162ab3b0224cae446ad5e70e7fcb1ce18b51 \
    --hash=sha256:4061c0079120205fb760c58acab6443e217307dcf05e3702cf970e0689972856 \
    --hash=sha256:4e81d95e5bafc2d6e34e4bed780e53e4d5b9a2f928573428aa4d35fbec1eb0de \
    --hash=sha256:58a0c478eeca76fe5e07993c5a0703def34a6dc6a0cda4f5564639b33112ffe7 \
    --hash=sha256:58ddb5a8e3179d12f19e4ea34d2d32e9d63a4baa142c875c1eb59f41b7243acd \
    --hash=sha256:630ebfea3bf689d075f82316324ff7433dc447fe6bc1bfc76524b74b4a9567d2 \
    --hash=sha256:6f8700550aa1474a91e5dc07049c46f98b423b5b1ddd0483e0b51362eeeaf5be \
    --hash=sha256:79def8d059362e7831389ed3be0ecdf58a89386e1271e35dd9f5af84e81bffd0 \
    --hash=sha256:7a8701d6b584d76e909e3d305b7d126b41439876a5aaf76cddc67fc230eafa2e \
    --hash=sha256:7afa5a6602a9f29af1f3a2965f831bae7c9d5d597b7cbb716d41ab3b7d89879c \
    --hash=sha256:7b46165bb56eb4704e2eaaf86f3c940d19154535d9b0ca7d6d590b04060e00d5 \
    --hash=sha256:85d0d9a31b9098e98534226d5686b47264b95e62ce459dc2e62fdfc809f9fe93 \
    --hash=sha256:87e9ce85beb6b328ba370cc6e6aea483c92617b4c95b1d33a49297eb662bfb04 \
    --hash=sha256:9c8402a82ea0dc4ceeab793db05f0fafa8ca139ca34fcde5df0f596103c74107 \
    --hash=sha256:9dab55f57c74c3cad24c323bacbbd04be4705ba6eb0d92e920b1fc4837ed5079 \
    --hash=sha256:a582ab2ae1d34f67112cadc86702774c9ea4374df6bca6afe672817203c99134 \
    --hash=sha256:a6557e5f38e065ca9fbdaf7cfc7435ecb1d113aa81a022d1b51921ee7432e227 \
    --hash=sha256:ac9ed99d81760c62fe89d5f0815cdfa1ba9a35141cf30f1c2d044f04b4803d2e \
    --hash=sha256:b13478603dcd0a2479ff8e87e2c19a7d525734686fe3c49542472293a204212d \
    --hash=sha256:c423ab384a46c4dff7217b2ea5ba2e11cffdeab6441acd04cf65a369caf0366c \
    --hash=sha256:c5e67125c7dca78d199ec4e116aa93dbb83494808ecbb8211a2cb09b1bf41dbd \
    --hash=sha256:c71be1cbfa5cd9a41ee452acf1eccd82b2c05950358b106ec8ceb83411d1a020 \
    --hash=sha256:cbc8738fd8526d80f35cb3a40d41f41a2e7030bb3b18b09a6778ef63d291c2fd \
    --hash=sha256:ce47f66801c20ec6c6632453bb5960fe38939e9306970b48b3a5a26de7745d94 \
    --hash=sha256:d370b8d1dfcdf7130178137f6fbee6140774a1acc6cacefc4b42643ec11d0a3a \
    --hash=sha256:d38cdff612d06fa6a32840d5e1b1f7a27cee4a349aa9085d94a67789d6bfd408 \
    --hash=sha256:dfe9763530994147d9af1def057a5b9658b00e8f8fe8743d144d1e0911c2e454 \
    --hash=sha256:e105ab60406787da31fccc883fc0f733af1efd78f0136a4599692c4083a73d0c \
    --hash=sha256:e275096ea1e60cc595cda2836fd4a6c725d1125108b868be17f53684d164e2cc \
    --hash=sha256:edc3342adf8f697fc5f59c887a304356f147b397809440ed64e2fa6af2f50f37 \
    --hash=sha256:ee247f5c245c9a2fe7c8e2214e295918838e44e00a45a6718451e4004219e767 \
    --hash=sha256:f21e8a22c8605750c7af886bab299a363721264061b4ac0a30efb73cfd58efc5 \
    --hash=sha256:f265528741e048bce55c3463ed721fb0aa45a5888d8add8cfeccb3035451bbdc \
    --hash=sha256:f2f9bd7f90c64fe89253f0a2c05e3c4856072660429ce8831b4235bf29403a67 \
    --hash=sha256:f9f6143a8c75945eb960d9eb98905a441394abfa24afaae239d514ffb2586480 \
    --hash=sha256:fa8f5efb344d6908a1ce62f4a24e2e5780f825d6f53f5f50ec5ffacac72936cb \
    --hash=sha256:fdd28f912fccfec1846a94e2e1e8f9b0012f557f0c46fe4f3eb0d7a87afcf90b
    # via pyjwt
dateparser==1.4.3 \
    --hash=sha256:bab8c43a746266e68142f4926e69438ce551441aa88e54e78bb6410bf3ee7000 \
    --hash=sha256:cbce86c64e0cea5c54c84c015d34c903d46c51bfad50632bf2f05a6141d10c05
    # via respan-sdk
distro==1.9.0 \
    --hash=sha256:2fa77c6fd8940f116ee1d6b94a2f90b13b5ea8d019b98bc8bafdcabcdd9bdbed \
    --hash=sha256:7bffd925d65168f85027d8da9af6bddab658135b840670a223589bc0c8ef02b2
    # via langsmith
fastapi==0.142.3 \
    --hash=sha256:519ca478f8acacc2062f204cde0bc233119c413c78477ddce299db8c0d5792d1 \
    --hash=sha256:5a27878d54a17627a849fc26096b9f37191106cab4b063ca60b0c7770ab39f9d
    # via company-brain
h11==0.16.0 \
    --hash=sha256:4e35b956cf45792e4caa5885e69fba00bdbc6ffafbfa020300e549b208ee5ff1 \
    --hash=sha256:63cf8bbe7522de3bf65932fda1d9c2772064ffb3dae62d55932da54b31cb6c86
    # via
    #   httpcore
    #   httpcore2
    #   uvicorn
httpcore==1.0.9 \
    --hash=sha256:2d400746a40668fc9dec9810239072b40b4484b640a8c38fd654a024c7a1bf55 \
    --hash=sha256:6e34463af53fd2ab5d807f399a9b45ea31c3dfa2276f15a2c3f00afff6e176e8
    # via httpx
httpcore2==2.13.1 ; sys_platform != 'emscripten' \
    --hash=sha256:e0aa977abe17e69a3b820a24542a6fa88702676d83880b8d194dcd18408e5103 \
    --hash=sha256:e1e05d4f25f7d7d496bfb96748f6f4b67657b03da069b3a68c36069f3db73d0a
    # via httpx2
httpx==0.28.1 \
    --hash=sha256:75e98c5f16b0f35b567856f597f06ff2270a374470a5c2392242528e3e3e42fc \
    --hash=sha256:d909fcccc110f8c7faf814ca82a9a4d816bc5a6dbfea25d6591d6985b8ba59ad
    # via
    #   company-brain
    #   langchain-core
    #   langgraph-sdk
httpx2==2.13.1 \
    --hash=sha256:6dff50fabc270ee5fd25d845d0b078ed20564579744d6d962850975996d2f9a4 \
    --hash=sha256:e48744a19e3af5ee48313d0ce5fe941d5422fae5705ea922a4aabf94d7800dfa
    # via
    #   langsmith
    #   openai
httpx2-jsfetch==1.0 ; sys_platform == 'emscripten' \
    --hash=sha256:70a0e3eabfef7cce5ad9c629f7d01ca05e418f586646f4ddf14782e4c1454c60 \
    --hash=sha256:cb916b707601e69a07721aabc8f3f6659be3a6893bc1ff5c6f9e02241df2da32
    # via httpx2
idna==3.20 \
    --hash=sha256:a7db850025b95ded1eae8a46181a1a6c56c92c96f0e2b005d9ff8dc0210cab44 \
    --hash=sha256:ab7ae7122974553370f0bdb919e1a960b2cd1bc1ef0276416d896db81c14582c
    # via
    #   anyio
    #   httpx
    #   httpx2
    #   requests
jiter==0.17.0 \
    --hash=sha256:03e432f226a453851079fb84cd17c6da9991eab723e28d716f14ae3d906e0c12 \
    --hash=sha256:362bb47423886d45a9f705d2d9d4008c6eedd4e41eb1bab4e96fb6daa06b33fd \
    --hash=sha256:36ee6e69027396664e59995b9a635a947a5304ee9837279584a0bb8145c8f6b8 \
    --hash=sha256:3e05f5adbf68c4bd11e1610f394034d984152988e84be6f8314235ce6f2139e5 \
    --hash=sha256:40d2c240f8f80b5b0f201b29f0ae129c81448c60c772227a41747b5e0026f6a2 \
    --hash=sha256:454c4997d73cc466c71fd565d91e603b0274e48ea0c6b0b7a7aee6967e4ceb7c \
    --hash=sha256:470e1b1e4c42f1ead2189166a299691871a2df5056c976e7fb96feafaf5f9d44 \
    --hash=sha256:5078ab00664307fab2019b522a93aeb191122789f085daf5fd9e362154021d4a \
    --hash=sha256:61aed66ee042b3b49ef85fdf75714234d055d89d8496ac1c6e47f89e7a30d5e4 \
    --hash=sha256:6eb6aedeb7352b8f3b6af9cbd67983840165c00428e63f1b420a85885128ea31 \
    --hash=sha256:73b64e69c4150748e020356d958af94bec33c70a0a93d665cfa8f6d580fe1a63 \
    --hash=sha256:76eb4a5c20e86f9f848286f167024890f2862258a965d254774deb7fc1545ca1 \
    --hash=sha256:8c21265b251d99bbb40080d178a8953e35601d3a1564e05c4de4c0d2ca616797 \
    --hash=sha256:9bd3caac219df476dd0cc3fe01d2f1581ed588906feac767abd9614c1c12f8b3 \
    --hash=sha256:bcc064f99183a9cbe7f26ed648c352031a74145cd61ed75d34632c73eb46a5a8 \
    --hash=sha256:d2c0bf24c72fd0491405dce5d40194f2070e9021ce648c1a1d46234b93d848ff \
    --hash=sha256:ebf918dfd6a74adc1b9ad71f63c4ab00902fcd3b7fd39f2e24d871db8d713b91 \
    --hash=sha256:f0bc7f684b65bcda9c20434267577db71bf9905ceddd32b60d1d93278d8c8d3a \
    --hash=sha256:f3d7f7b34114f7ddc6d72a8e882d49de636b35d9fd12b4d420d3c5729f6c9812
    # via openai
jsonpatch==1.33 \
    --hash=sha256:0ae28c0cd062bbd8b8ecc26d7d164fbbea9652a1a3693f3b956c1eae5145dade \
    --hash=sha256:9fcd4009c41e6d12348b4a0ff2563ba56a2923a7dfee731d004e212e1ee5030c
    # via langchain-core
jsonpointer==3.2.0 \
    --hash=sha256:3e25c9bcadf5ae20c3420922234eaba1ae36ab9bef64cd72454aeaceb0b29aad \
    --hash=sha256:807db557622fbe07a0d49e19cf4795a269d55eee5ba345fb9959d148eba5ef94
    # via jsonpatch
langchain==1.4.3 \
    --hash=sha256:0334066939dd1c7551889727ed2d09a72dea7a6aed2193ffb61817fb658d8921 \
    --hash=sha256:aed5c1a7cd581f70ddc076b75fdbcbae8031b8373983f86efd287aa70798abc2
    # via company-brain
langchain-core==1.6.7 \
    --hash=sha256:55842ca61ffb460787c6f62c8bf775275972e9b9a3fd9b2210931eb77d038e2d \
    --hash=sha256:e12cb80b2008b0484c33d209c42d6290ef173f7be9d639b372aba0d438676cdd
    # via
    #   langchain
    #   langchain-openai
    #   langgraph
    #   langgraph-checkpoint
    #   langgraph-prebuilt
    #   langgraph-sdk
    #   respan-instrumentation-langchain
langchain-openai==1.6.7 \
    --hash=sha256:b276a01b43c5287382f62070a4e1ca5bad5581fadab8c086e46b79daa4bf975d \
    --hash=sha256:e1b9b318fafc47b2dbc3485778aa23f809195065ee313611c188af29744b8e8e
    # via company-brain
langchain-protocol==0.0.19 \
    --hash=sha256:4cdf879a492a35980fd859ae792d3c65458ccaae504e183c9a10d7eac1f0720f \
    --hash=sha256:79d90a1425122ac87e8052e2ec054fbd09c3edbf341bdfb6397112a495c7bf8c
    # via
    #   langchain-core
    #   langgraph-sdk
langgraph==1.2.14 \
    --hash=sha256:5b1a72b7a7f994ac6947b7751fbbe00e949f8bb44d9ab78881604b703247ae55 \
    --hash=sha256:e3f5f8ff4259f9281b73ff50fc9ef5cc3b025b8936b8283ecdca7cc0c4128690
    # via
    #   company-brain
    #   langchain
langgraph-checkpoint==4.2.0 \
    --hash=sha256:0547fd228935a0b758865de3a3d6d7a2537c308895d0f9ab092ce9151b5da942 \
    --hash=sha256:51a593b6bee684b0818e5d6e58e28ab340c6db7794575056ce7bd1b746a84ed7
    # via
    #   langgraph
    #   langgraph-checkpoint-postgres
    #   langgraph-checkpoint-sqlite
    #   langgraph-prebuilt
langgraph-checkpoint-postgres==3.1.2 \
    --hash=sha256:1cd404803ff895a2b79f3ac04ce92b775e6b999715f8333fce674c6d927bba95 \
    --hash=sha256:6a7e38ef16985b54e356cba7bdaf447943aae33d5aaf290026c593bb6b4a6264
    # via company-brain
langgraph-checkpoint-sqlite==3.1.1 \
    --hash=sha256:6fcb20db4c37ef7aad52f29b539eb98c38e2dad6fab7c2446a2a9db24f37a70e \
    --hash=sha256:8505c54c94a658080525d7e6780fdd4e0c078ff2566b30d399c02cc9f9af1c63
    # via company-brain
langgraph-prebuilt==1.1.0 \
    --hash=sha256:3c579cf6eed2d17f9c157c2d0fcaddcd8688524e7022d3b22b37a3bf4589d528 \
    --hash=sha256:51e311747d755b751d5c6b39b0c1446124d3a7643d2515017e6714b323508fc9
    # via langgraph
langgraph-sdk==0.4.6 \
    --hash=sha256:57122b02bda41d37a97a5e09eb018aa8c9b3dc85c433880073779bd9324b7eea \
    --hash=sha256:ea5b1749d70987d741c9b9fe2b7e1c5f7da7e4d102f64e390333c1890c9bbd5b
    # via langgraph
langsmith==0.14.4 \
    --hash=sha256:a340199fcd2af60358f09dd1d7011bf7282f0d46a98aaa101bc7a521746da764 \
    --hash=sha256:ae0d98c2b0f9292ef7e12451d480937d79a0e7dcf2412ba847de6f053391b44a
    # via langchain-core
openai==3.26.0 \
    --hash=sha256:050597ff71ff4025177405a41fa4019d4f9feae5826645b63b8e35b6e9a3c88b \
    --hash=sha256:73b470c09cf2171dce930e36af01c6632241adda0120ad84302ad229f9130a5a
    # via langchain-openai
opentelemetry-api==1.45.1 \
    --hash=sha256:aa38ed19bcc084ba42782a73255b3582283eced7ad6dddbd6695189e69adfb75 \
    --hash=sha256:b31553efa588ae44bc306f863c785c5333a9ecc091248c6ee68b4b6c87fdedfb
    # via
    #   company-brain
    #   fastapi
    #   opentelemetry-instrumentation
    #   opentelemetry-instrumentation-threading
    #   opentelemetry-sdk
    #   opentelemetry-semantic-conventions
    #   respan-tracing
opentelemetry-instrumentation==0.66b1 \
    --hash=sha256:4c4aa14dc9a24a02325a9d4c42c4d0208dbb1374c2b1b8fe6c9392d59f3e1008 \
    --hash=sha256:e79a510f7d87c72d95e964ddb42193a0d9a75668c027d980eab032ea1322a5ce
    # via opentelemetry-instrumentation-threading
opentelemetry-instrumentation-threading==0.66b1 \
    --hash=sha256:2c217359439d09ca4a4be524db368c05a3cc7f218b85e8086f22664db0a03538 \
    --hash=sha256:94039c60603060d26524e31aed1181a5d153e43f58462d110dbeb4830687d7d7
    # via respan-tracing
opentelemetry-sdk==1.45.1 \
    --hash=sha256:63d24a6ca645019a631e6a51999c73e93adcac1196ca640b8ae78a7cc4762bf3 \
    --hash=sha256:c604c11dc429810812348989115fa44bd558772a3d7442afc43d024f2c250ca4
    # via
    #   opentelemetry-semantic-conventions-ai
    #   respan-tracing
opentelemetry-semantic-conventions==0.66b1 \
    --hash=sha256:497ca63bf383723411e8eaf60c8779e9877633c936bb641080adab59d0eb6ec8 \
    --hash=sha256:d4cddeb4315490b35213f55e2bdc9ac54bb1e4d318927475bed62b35545e581b
    # via
    #   opentelemetry-instrumentation
    #   opentelemetry-sdk
    #   opentelemetry-semantic-conventions-ai
opentelemetry-semantic-conventions-ai==0.5.1 \
    --hash=sha256:153906200d8c1d2f8e09bd78dbef526916023de85ac3dab35912bfafb69ff04c \
    --hash=sha256:25aeb22bd261543b4898a73824026d96770e5351209c7d07a0b1314762b1f6e4
    # via
    #   respan-instrumentation-aws-bedrock
    #   respan-instrumentation-google-genai
    #   respan-instrumentation-langchain
    #   respan-instrumentation-ollama
    #   respan-instrumentation-openai
    #   respan-instrumentation-together
    #   respan-instrumentation-vertexai
    #   respan-tracing
orjson==3.13.0 \
    --hash=sha256:4329c19b8a25693f60a77b867c9d2a3ab637b20e36f5b7bea7f5acb492b44b15 \
    --hash=sha256:65c4e0e106ccc7265b488385659117a6805c37d042f737558ecd68aa0c67ad8f \
    --hash=sha256:6ff2a2c67f35202f7d823753d38ad371a9b7fc297567cdfff4420e763cb9f6f8 \
    --hash=sha256:8594956a75223f657e1e68c568c0eeb3dd145f02cd6b78a47fd9a8095dbc4eae \
    --hash=sha256:ae1d895cf7bbfd50ef34bb63bb727b14514f259f3e3f8dd010783bd38e864c6e \
    --hash=sha256:b571236d8393edcd3236e07423f762bfcf571f852aad667a3bce9e7b755e0790 \
    --hash=sha256:b74c30e56346aad067937d766846ee74c231d1d18aad3f324e9b9261de3b2d5e \
    --hash=sha256:bceadfd314bd238f584fc229a4bbaf0e573597e7a026dec5429fbf29fd66c641 \
    --hash=sha256:d1de5eb04485110c5da4c657e49168995d55e076b1ce60f1a042e254f4186c4f \
    --hash=sha256:fb8644dc6d705e1269ed2842bf4dbe2b4e50d670de503bf79d5cef3a5148a4c7 \
    --hash=sha256:fbbad6b9b1da43f25c1f5b20cd5a268e028a2fc95d5a8d1ade6059973bc71584
    # via
    #   langgraph-checkpoint-postgres
    #   langgraph-sdk
    #   langsmith
ormsgpack==1.12.2 \
    --hash=sha256:0b39e629fd2e1c5b2f46f99778450b59454d1f901bc507963168985e79f09c5d \
    --hash=sha256:58d379d72b6c5e964851c77cfedfb386e474adee4fd39791c2c5d9efb53505cc \
    --hash=sha256:7a29d09b64b9694b588ff2f80e9826bdceb3a2b91523c5beae1fab27d5c940e7 \
    --hash=sha256:8463a3fc5f09832e67bdb0e2fda6d518dc4281b133166146a67f54c08496442e \
    --hash=sha256:944a2233640273bee67521795a73cf1e959538e0dfb7ac635505010455e53b33 \
    --hash=sha256:958dcb270d30a7cb633a45ee62b9444433fa571a752d2ca484efdac07480876e \
    --hash=sha256:d024b40828f1dde5654faebd0d824f9cc29ad46891f626272dd5bfd7af2333a4 \
    --hash=sha256:da538c542bac7d1c8f3f2a937863dba36f013108ce63e55745941dda4b75dbb6 \
    --hash=sha256:eddffb77eff0bad4e67547d67a130604e7e2dfbb7b0cde0796045be4090f35c6 \
    --hash=sha256:fcd55e5f6ba0dbce624942adf9f152062135f991a0126064889f68eb850de0dd
    # via langgraph-checkpoint
packaging==26.3 \
    --hash=sha256:94edc256424af38762eb31306eed28beb9f0efc50a8837492c9d6fd6004aed79 \
    --hash=sha256:d7193f7c8e4e93f444fde0262bf90af30e16fa0ad0ad44cb553c87339b23cd1c
    # via
    #   langchain-core
    #   langsmith
    #   opentelemetry-instrumentation
psycopg==3.3.6 \
    --hash=sha256:a1db9f7148b06a28606767efaca51fa6f9398c5c0a3810519be69d7000bdb631 \
    --hash=sha256:c081f2250df751a943036e42db6df4571c66cd0aabe8291a7a506512b12007d2
    # via
    #   company-brain
    #   langgraph-checkpoint-postgres
psycopg-binary==3.3.6 ; implementation_name != 'pypy' \
    --hash=sha256:1679a1cb93fbe5a6d1fd58d82cbddcc6fcb8c61446ba7cae6eb2a7b19bc585de \
    --hash=sha256:289aadd6a00e151203c081f708348ec89f1e483c9b510ef4ac3981f847f01f79 \
    --hash=sha256:366db6e97e66b37211475f20c4c1324a2dc0dd825e46d4e87f9d599304d276f9 \
    --hash=sha256:37d40450659401600e6d043ff586c89a71a69f33cbb8bcdba6cdb2569beecdbe \
    --hash=sha256:3f84dab25e0385692ee13274c68678377e0b1a70ab9d14e56264cbf61f60c62d \
    --hash=sha256:612382ac3ed13651c7fa44b5fee9fbf7baaa2ddbc6f500391672682c5f1df9e0 \
    --hash=sha256:a4ee3bdd5468a725f2a4d9aab8a74b6d0279f768c8b5d3aeb102c5307ff3d59c \
    --hash=sha256:a5165300324efd5a772c48a88ab3a928513ab3979fca76553e62ee815f7b2b9c \
    --hash=sha256:d636338c8f21b0df2f84657b00bc34f9313f826ef93f1155bc743607e4a0c5eb \
    --hash=sha256:e23a66a763fbe83fcc210bc77c27e5a5ea380ebf091c06f34d8561b695e5a40f \
    --hash=sha256:f21d057f3e5f5491067e5b292498073b73847d48799b099803fef100775fcc52
    # via psycopg
psycopg-pool==3.3.3 \
    --hash=sha256:9b9cd6a4fcec47a410f7e82d408540e7f77b478509e91b44c1a5457a13e5ff37 \
    --hash=sha256:df87b5d9d0ad7db37f6cdad4fa8ce113d250f5997f6db38e9a99192fb67f9e1d
    # via
    #   langgraph-checkpoint-postgres
    #   psycopg
pycparser==3.0 ; implementation_name != 'PyPy' and platform_python_implementation != 'PyPy' \
    --hash=sha256:600f49d217304a5902ac3c37e1281c9fe94e4d0489de643a9504c5cdfdfc6b29 \
    --hash=sha256:b727414169a36b7d524c1c3e31839a521725078d7b2ff038656844266160a992
    # via cffi
pydantic==2.13.5 \
    --hash=sha256:346a034f080da3755d8e9cb5e00e8b07de1d39e4f6e2c87d8ab7cafa0b269a73 \
    --hash=sha256:51a9c5f7b2f8e636f04c6cada605d9b6a3bf1348fdf945a3d8869b19bba0ee08
    # via
    #   fastapi
    #   langchain
    #   langchain-core
    #   langgraph
    #   langsmith
    #   openai
    #   respan-sdk
pydantic-core==2.46.5 \
    --hash=sha256:013d6f3483d81e02e7c328831808f336c8596ee33b4bd4026b9ffb1e960b8942 \
    --hash=sha256:0fc5be0abd4a407e200d844b404e33639a554e7bd0d448e7b9ae181be4789ac2 \
    --hash=sha256:10416c15b8839ecc4ef4d0885da76da6fd0f67333a0eb8aff6d93c4b8f2910fc \
    --hash=sha256:18a09e1e1011b462f2e32774f25859ef1223d5c2b0546a633cf56654710721e0 \
    --hash=sha256:2bc9419666990c06d7397831f2126a1ecc3594aaa3ff7de5bf2d066802f4e07b \
    --hash=sha256:347ec774390c87326a2e4929d58d3f7e8763a104d5d35f4cd595a4c952366433 \
    --hash=sha256:4fdc8b93a41521988916eeaa271173fcca7fa0803d62f87675aac8dcec1c8e29 \
    --hash=sha256:5cb482e9e84c851f4e623fe4acc1ced89168cf1fe18f7089db4548c8f5bbb65b \
    --hash=sha256:5e81740c09e310f5aa5cbd3e434a01c154d4bef93241c7877b39f211d2b78ba8 \
    --hash=sha256:816ff0a6550ffc06c098ccd2e0698600f9aa7da192a79eaa6f9af504a35db869 \
    --hash=sha256:8e24d8f05fa2d28513d94e877e9c75ad66175376209b3977f916e240e623193c \
    --hash=sha256:a39ac25a9a2fa4072efdb429833c4a4c8009a51ff9eea3eeae131713cd27991e \
    --hash=sha256:b98134087d9de723658d17a42c7d0da8d6e2ef08015dee7dc93889047315f5e4 \
    --hash=sha256:b9fe6fb92520e3fd61f2e49000b6911b188824f089b75973ea06d6267f0b476d \
    --hash=sha256:c7ea57fc63aa7da93a1bd2d644e6577befae10c52c4e36377635eea1056a74f5 \
    --hash=sha256:d925f3d9afd05a8c0fb3a1031463a8d59ebe5e2afad297e29c78be19e13b4e62 \
    --hash=sha256:e652ab17569c94bff5475520f907b7148b8c24036a8ebbe5cf7cf7493d28579a \
    --hash=sha256:e9c134bb666dd54b778b9fc0d2b50cbb7f979b9e3716f26a88c9ab3b6fc1dd0f \
    --hash=sha256:efd62a42486f1bda5d24cb4f63d15a3c7768375fe83d36f9417b4ad7a2fb20b3 \
    --hash=sha256:f7b0ec93a2893de856652154d73b7ba622f26fa97726487dcac373de5f4c6084
    # via pydantic
pyjwt==2.10.1 \
    --hash=sha256:3cc5772eb20009233caf06e9d8a0577824723b44e6648ee0a2aedb6cf9381953 \
    --hash=sha256:dcdd193e30abefd5debf142f9adfcdd2b58004e644f25406ffaebd50bd98dacb
    # via company-brain
python-dateutil==2.9.0.post0 \
    --hash=sha256:37dd54208da7e1cd875388217d5e00ebd4179249f90fb72437e91a35459a0ad3 \
    --hash=sha256:a8b2bc7bffae282281c8140a97d3aa9c14da0b136dfe83f850eea9a5f7470427
    # via dateparser
pytz==2026.5 \
    --hash=sha256:e658af3757f9e26a9d25dd2aff38335acd92bc9104f890a894b2c1ba28311b03 \
    --hash=sha256:fa23724b9c486543b9ff54a327ee7569ac83ade54bb9afd0fc18676620401c86
    # via dateparser
pyyaml==6.0.3 \
    --hash=sha256:41715c910c881bc081f1e8872880d3c650acf13dfa8214bad49ed4cede7c34ea \
    --hash=sha256:5fcd34e47f6e0b794d17de1b4ff496c00986e1c83f7ab2fb8fcfe9616ff7477b \
    --hash=sha256:5fdec68f91a0c6739b380c83b951e2c72ac0197ace422360e6d5a959d8d97b2c \
    --hash=sha256:64386e5e707d03a7e172c0701abfb7e10f0fb753ee1d773128192742712a98fd \
    --hash=sha256:7f047e29dcae44602496db43be01ad42fc6f1cc0d8cd6c83d342306c32270196 \
    --hash=sha256:8dc52c23056b9ddd46818a57b78404882310fb473d63f17b07d5c40421e47f8e \
    --hash=sha256:9149cad251584d5fb4981be1ecde53a1ca46c891a79788c0df828d2f166bda28 \
    --hash=sha256:96b533f0e99f6579b3d4d4995707cf36df9100d67e0c8303a0c55b27b5f99bc5 \
    --hash=sha256:ba1cc08a7ccde2d2ec775841541641e4548226580ab850948cbfda66a1befcdc \
    --hash=sha256:d76623373421df22fb4cf8817020cbb7ef15c725b9d5e45f17e189bfc384190f \
    --hash=sha256:fc09d0aa354569bc501d4e787133afc08552722d3ab34836a80547331bb5d4a0
    # via langchain-core
regex==2026.9.29 \
    --hash=sha256:0dd8af32e9f7b56b7f95cc1fd79b23054c3bdc172392ae560acc24d57b7ffe71 \
    --hash=sha256:39ab5894d971f9ac68baa6eca5c50387db579cfcacf36ae8df3feceb1815e6d0 \
    --hash=sha256:3a21a9509d0ee88e7a70e1ad228cd2f0e0fd1e187458db132e8a8d18c97daf9d \
    --hash=sha256:3c5c2ef13797466aa64170cbb66ad98a32351dd4127694cea7199f80f213750d \
    --hash=sha256:4fe97894d1b306c919b4e50def1e6f6c522f4d03a7283811f4d108f1ce5d3ac2 \
    --hash=sha256:59b49507f47479e299a9e1bc41b5cb83a7afda0540625f1dbae886615978acbf \
    --hash=sha256:87fb80cbe3557e27e7b28b995c2b2eedf689b8886f941ab93e0e288f0976518a \
    --hash=sha256:8b5fcc4771732191b2b7d1dd68d8f0353f47f8d90b6150f6dce58bf1112442cb \
    --hash=sha256:9e1d3a4cb7993b708f0ada8d0c84590efd853f169e7147d2202c9da503180242 \
    --hash=sha256:c1a9a6651197fbed6f0212591418b9def774fc3f8324f78d1bf0e6a63e5f8aa1 \
    --hash=sha256:d0c3082bf79bcd6a614d55916590ad4b8f93200e10b97f463ea5d9d07c9b5f23 \
    --hash=sha256:dabee8f4935e731fb46b2a3091bdda0d3d94b3bbfb907d2b4f12eefce4009619 \
    --hash=sha256:db5e82ba15c142425b8406690032df89e39cca4a2e8afbbb9a3d84edc2373ac3 \
    --hash=sha256:dc79d36d0618752265f0d575915bdc5c5130ecb9c9f6b3bcefeae32e4bdfafcf \
    --hash=sha256:f57dc6b8fef170f105d2cf5cdce254f47b137d7755086cf7050f47e16582abba \
    --hash=sha256:f93bc1c3486ef3747e07c9d7c1d0a147b8fbaab975f80e348aed6f71309dfaca \
    --hash=sha256:fdd88ed5e20b1bcdd234421e454962c971aa44b653bdb7f1ea9ef683e90fb649
    # via
    #   dateparser
    #   tiktoken
requests==2.34.2 \
    --hash=sha256:2a0d60c172f83ac6ab31e4554906c0f3b3588d37b5cb939b1c061f4907e278e0 \
    --hash=sha256:f288924cae4e29463698d6d60bc6a4da69c89185ad1e0bcc4104f584e960b9ed
    # via
    #   langsmith
    #   requests-toolbelt
    #   respan-sdk
    #   respan-tracing
    #   tiktoken
requests-toolbelt==1.0.0 \
    --hash=sha256:7681a0a3d047012b5bdc0ee37d7f8f07ebe76ab08caeccfc3921ce23c88d5bc6 \
    --hash=sha256:cccfdd665f0a24fcf4726e690f65639d272bb0637b9b92dfd91a5568ccf6bd06
    # via langsmith
respan-ai==4.2.3 \
    --hash=sha256:80d251944701be541b6d211556a381e911487c1b4b1e1388921783d0eee049ed \
    --hash=sha256:d746235183421cfde8634a47f9741c752fd6a451fc8c2b5e006c6d996f3068da
    # via company-brain
respan-instrumentation-anthropic==1.0.3 \
    --hash=sha256:bac8a46981ee6dc5525b0456a2780a9f5950dc34a42d0c85c8fe146555dc67dc \
    --hash=sha256:e7dec85491a3d1ce0ccc2787724c245ba1b9708096f7d5493307f7d5a2241220
    # via respan-ai
respan-instrumentation-aws-bedrock==0.1.1 \
    --hash=sha256:6d8bf62c50eb64ed712b992a116ae78ea20e3a1d756e42985120b1fb61214dd9 \
    --hash=sha256:9667433aee45cb9f5a0c07d746b9211035599af49bb3ad77ccadae58aca0922d
    # via respan-ai
respan-instrumentation-google-genai==0.1.1 \
    --hash=sha256:1f4f2a1883d28b3434680f6c4676fe7c9a46b022fbb41b929587dec157d679b3 \
    --hash=sha256:ede725c23fa83389839bdc9e207909bd4e6c87bbd1eca52bf791566071872a6d
    # via respan-ai
respan-instrumentation-langchain==0.1.2 \
    --hash=sha256:0298399f13ff0cbea2dc8c6570c21d13a8ec94c795b3b0f60f9063f6631a7bcb \
    --hash=sha256:2679323e50b78bc7ed0cf275c679361d23fdfb9ea201a4f1631acf21deda4aaa
    # via company-brain
respan-instrumentation-ollama==0.1.1 \
    --hash=sha256:0e98d75f468df06021cb81489a742f061f590065042e86c349c68874372b285a \
    --hash=sha256:f94d2e96e46bc4114391a2d0294f5572736127860e27549cbd5f6799eff9cb6e
    # via respan-ai
respan-instrumentation-openai==1.2.3 \
    --hash=sha256:75084b5a63820aed29f4e26ae9acb51b243f3f3bc86356750634b0dfcca2bad2 \
    --hash=sha256:8f946b1c5edde505790ebc5e52e5fa2a0a6479cc5d37dea633307e26cfb6ff03
    # via respan-ai
respan-instrumentation-together==0.1.1 \
    --hash=sha256:f22595ee318e578f5edadcceac11848d77ca8e67e13a384bb749751a23403ca0 \
    --hash=sha256:f65dee059590df520ceb644049895ed0ad0d306331e9716cd09aa908ac647f4e
    # via respan-ai
respan-instrumentation-vertexai==0.1.1 \
    --hash=sha256:3273471231f5c84a2e491950eacf4c713ff8c87bf5a07e9831e150c0125b9de5 \
    --hash=sha256:7b547ea3490647d56828e66adc3e1d10d34e8040ef1e4c7b05068d7bf2d9a4b6
    # via respan-ai
respan-sdk==2.8.0 \
    --hash=sha256:19e5d55400012ed845cb9c24744539f672c9ddbfb3735eac06796c514351b851 \
    --hash=sha256:6fd908b838f134b7e48f52bb95a8c99df0e34e80149d3c60aaaa838b827b9d9f
    # via
    #   respan-instrumentation-aws-bedrock
    #   respan-instrumentation-google-genai
    #   respan-instrumentation-langchain
    #   respan-instrumentation-ollama
    #   respan-instrumentation-openai
    #   respan-instrumentation-together
    #   respan-instrumentation-vertexai
    #   respan-tracing
respan-tracing==2.20.1 \
    --hash=sha256:7d9f2865499e7a00c4d3b454c42133b7f9821cb92f672b20367ba42e5684e011 \
    --hash=sha256:fbb1a54494651cb6fd963e2ab2622c1b38f982ae21197f4728fe7fa34edb2076
    # via
    #   respan-ai
    #   respan-instrumentation-anthropic
    #   respan-instrumentation-aws-bedrock
    #   respan-instrumentation-google-genai
    #   respan-instrumentation-langchain
    #   respan-instrumentation-ollama
    #   respan-instrumentation-openai
    #   respan-instrumentation-together
    #   respan-instrumentation-vertexai
six==1.17.0 \
    --hash=sha256:4721f391ed90541fddacab5acf947aa0d3dc7d27b2e1e8eda2be8970586c3274 \
    --hash=sha256:ff70335d468e7eb6ec65b95b99d3a2836546063f63acc5171de367e834932a81
    # via python-dateutil
sniffio==1.3.1 \
    --hash=sha256:2f6da418d1f1e0fddd844478f41680e794e6051915791a034ff65e5f100525a2 \
    --hash=sha256:f4324edc670a0f49750a81b895f35c3adb843cca46f0530f79fc1babb23789dc
    # via
    #   langsmith
    #   openai
sqlite-vec==0.1.9 \
    --hash=sha256:1515727990b49e79bcaf75fdee2ffc7d461f8b66905013231251f1c8938e7786 \
    --hash=sha256:1b62a7f0a060d9475575d4e599bbf94a13d85af896bc1ce86ee80d1b5b48e5fb \
    --hash=sha256:1d52e30513bae4cc9778ddbf6145610434081be4c3afe57cd877893bad9f6b6c \
    --hash=sha256:4a28dc12fa4b53d7b1dced22da2488fade444e96b5d16fd2d698cd670675cf32 \
    --hash=sha256:4e921e592f24a5f9a18f590b6ddd530eb637e2d474e3b1972f9bbeb773aa3cb9
    # via langgraph-checkpoint-sqlite
starlette==1.7.0 \
    --hash=sha256:67f8e99895493dd2911a03f11314af6ceebeae4e704bb9f43dfc6a9db151c93e \
    --hash=sha256:c79f74ea63cff761804fbbfb182f1e0b440c2d07b164d24700c5a1bab5d6ff5d
    # via fastapi
tenacity==9.2.1 \
    --hash=sha256:9e56f17539296baab7beabb08b92f6ee3d7be92d8be72d763360677c2ad6580e \
    --hash=sha256:a606b5c808d0cded4a359d5b9932d867ff2a6a6b64d37350260fd01bbdf83839
    # via langchain-core
tiktoken==0.14.0 \
    --hash=sha256:087538c080e5ff421abd3a0785ed63c5111d06af98e6cd0d374dbe5969147ca3 \
    --hash=sha256:231dec90efcdccf1b565a1416107736f1e09b1a08fe736ef9d6363e626d03874 \
    --hash=sha256:3de75343041a1c57333b1e707ac8a9769738241d7d6a55d39e12cf84548337c6 \
    --hash=sha256:7896eea257fe497a2b7134474d909156c6744ce8da35bce88011a960e008aa0d \
    --hash=sha256:7db45b98e94adf4173a5cd7422b150999a7ee11ff847783a14f6e1b80cc38cb6 \
    --hash=sha256:8e947aefe98ef74cce94923f90e48c98fe34eb1ec0a6bfdfadfc5a96359bfc36 \
    --hash=sha256:b950248272f1b303dc32986396e2dccfa10cf6d1e83ec8f0bba1776660305482 \
    --hash=sha256:d6cebe67765569df3dafac8474e4eccf5c19d24140492567a5e58a11445732a4
    # via langchain-openai
truststore==0.10.4 ; sys_platform != 'emscripten' \
    --hash=sha256:9d91bd436463ad5e4ee4aba766628dd6cd7010cf3e2461756b3303710eebc301 \
    --hash=sha256:adaeaecf1cbb5f4de3b1959b42d41f6fab57b2b1666adb59e89cb0b53361d981
    # via
    #   httpcore2
    #   httpx2
typing-extensions==4.16.0 \
    --hash=sha256:481caa481374e813c1b176ada14e97f1f67a4539ce9cfeb3f350d78d6370c2e8 \
    --hash=sha256:dc983d19a509c94dba722ee6abd33940f7c05a89e243c47e907eb4db6f1a43e5
    # via
    #   anyio
    #   fastapi
    #   httpx2
    #   langchain-core
    #   langchain-protocol
    #   langsmith
    #   openai
    #   opentelemetry-api
    #   opentelemetry-sdk
    #   opentelemetry-semantic-conventions
    #   psycopg
    #   psycopg-pool
    #   pydantic
    #   pydantic-core
    #   respan-sdk
    #   respan-tracing
    #   starlette
    #   typing-inspection
typing-inspection==0.4.4 \
    --hash=sha256:547274fa6b0a561ccf549cc9524b999a578e737d015d8709d021f9d0d13bea47 \
    --hash=sha256:65b8397ba37ccbce054456aaccddfc91e6e3083c92824df348d96ca832f3f147
    # via
    #   fastapi
    #   pydantic
tzdata==2026.5 ; sys_platform == 'win32' \
    --hash=sha256:8cc73c0a0bfca7dbfa59235d60b2eff82231dee33f53d206db1acd9173cfc0a7 \
    --hash=sha256:b683bd1b6659ddcd810ff02ad09ba821d4bf1065072805063eb35c49617905ac
    # via
    #   psycopg
    #   tzlocal
tzlocal==5.4.4 \
    --hash=sha256:8dbb8660838688a7b6ba4fed31d18dedf842afb4d47ca050d6d891c2c15f3be4 \
    --hash=sha256:aae09f0126a8a86fa736be266eb4a471380d26a0de3bc14844e7821fee3e2a15
    # via dateparser
urllib3==2.8.0 \
    --hash=sha256:0cf3cae568d36aa9576b28dfb35f11328f1cb974ca7647d9475ebb86c75ac6e3 \
    --hash=sha256:63bf2ead4c879426ebf22ef2a781eeb4aa3b4ae798a0435506f8687fd5bb9b63
    # via requests
uuid-utils==0.17.1 \
    --hash=sha256:10c51d54ecdf0617640e505eae6d2e6443d8e414d4f9d6e8d43949a450c56e6b \
    --hash=sha256:3ca89347a01ddac94727578369feacc0969d9fc033b2c17ff7919121ee441e2f \
    --hash=sha256:3d6ccaebaa3b2ff2e59d11d70c64e97ba572120162a00c25d6f8e5e0c1004b9a \
    --hash=sha256:4cdcb565ac4d8a005833e7c389867977e19670f1bee6ee9f8811872b86225274 \
    --hash=sha256:4f04ba62482858a975d1d38cbb5ade181faae59e8ddc1499eacc9b6b6def3115 \
    --hash=sha256:61378863a5e9410fa6e816364442b9d35cccf94fa83e3f67997d0ff57d901d0e \
    --hash=sha256:66ce3e84067261b2721dde6539427f4eb9286289769332ff07c859a661f87694 \
    --hash=sha256:71f7ec7a1b54c1f84d6f8fd4e1110a66b3d1b936dbb17cda2927442621fc1e3d \
    --hash=sha256:7558c84414785d6ea54a186a3c68267eb8f33e2a0d792698bd9fa50d62150f77 \
    --hash=sha256:7a93b046552730b843e9d8784691cf8b0b3d5430dd9d053ade33383ccb2574ff \
    --hash=sha256:7b296b67bf880085daa11ee496d385b941a3bf3e3d5691db7178d21f18f56f9b \
    --hash=sha256:a140db8866a45b1ce40d91164ff48d2722ffc3b2a39bfdb412bd770c7ea88be3 \
    --hash=sha256:a550b3963960012ff3266bdb3079abf4cc3f6363201e63a649d5d3cd44fe52cd \
    --hash=sha256:d0d847fb9b46b5c208f3b8d5ca6082a4ac819ec2ffe36de3548c489e8fa551bd \
    --hash=sha256:d45f93f362d39f63ba14bbd9e4e1dd89fbed4de9bbef6bb428a379bd86571da2
    # via
    #   langchain-core
    #   langsmith
uvicorn==0.54.0 \
    --hash=sha256:505bdb0f318731d45f1f712071fc781a8981f6847a31c902c9f5e652d4f67faf \
    --hash=sha256:a2e33cbfaa0306f8e6b0c13e0cb89d7d7a2da3e62b90c66e18c33d9807b28620
    # via company-brain
websockets==16.1.1 \
    --hash=sha256:01fbdcbac298efe19360b94bc0039c8f746f0220ba570f327577bfee81059175 \
    --hash=sha256:0f62863e8a00a6d33c3d6566ec0b89f23787b747ffe0c3bc71ec0e76b82c94b1 \
    --hash=sha256:1d27fa8462ad6a1cb36206a3d0640b2333340def181fae11ed7f9adeaa5c0747 \
    --hash=sha256:1db4de4a0e95673f7545d393c49eeb0c2f18ac1ef93073218c79d5cdb2ee75ab \
    --hash=sha256:2a636ff1e7a5c4edf71ef0e79adae7f25dba93b4fcbe3dc958733477ffeb0eaf \
    --hash=sha256:2bb5d041a8307d2e18782e7ce777f6fdb1e8c2f5d09291484b18c294b789d9aa \
    --hash=sha256:42290eb6db4ccaca7012656738214f8514082fb6fa40cdeb61bb9a471b52e383 \
    --hash=sha256:4b57693728576d84ede0a77987ab16881b783d2cd9f1dc180a8fbbc3f79c4428 \
    --hash=sha256:53260c8930da5771cec89439bff99c20c8cb03ddb9588b980697355a83cd4bd3 \
    --hash=sha256:54509b8e92fee4453e152b7558ddef37ce9705a044922f2095a6105e3f80c96f \
    --hash=sha256:6abbd3e82c731c8e531714466acd5d87b5e88ac3243465337ba71d68e23ae7e3 \
    --hash=sha256:8087e82f842609734c9b5a1330464f8e94e346ba0e18c832c08bafa4b0d63c15 \
    --hash=sha256:b436f6ec4fc3a6b4237c84d3f83170ed2b40bb584222f0ac47a0c8a5921980c7 \
    --hash=sha256:cc97814dfb786a83b6e2dc2e79351e1b83e6d715647d6887fcabd83026417a00 \
    --hash=sha256:d6bec75c290fe484a8ba4cacdf838501e17c06ecfbbf31eede81a9e431bd7751 \
    --hash=sha256:db234eda965dcce15df96bb9709f587cd87d4d52aaf0e80e2f34ec04c7670c57 \
    --hash=sha256:e047dc87ef7ca50f4d309bf775ad4a71711c58556d75d7bd0604b2317f43e94b \
    --hash=sha256:f0aa4aad3b1b69ad3fd85a0fd0952ec64331c762bd77ec51cc814170873890b2 \
    --hash=sha256:f17dbe07eb3ea7f99e4df9b7e0efefe80fbf30d37a8cc4d561a0aed310bc8847
    # via
    #   langgraph-sdk
    #   langsmith
wrapt==2.5.0 \
    --hash=sha256:0cabb9c17ab79b2549d1f23b36f436473ad9253ef53995a817feba26fae69d5b \
    --hash=sha256:107eea1a511e98a3a5033b0c2cb403fbb37f05dee6ac1fb85c0460d311ec278c \
    --hash=sha256:5421acb5c363a9bc959122a8645e3f1f42010c932dc53885b11a5ff5b5a6d730 \
    --hash=sha256:6761765cc520ff9616fb035c02a85d1d744f7f70edd4649718fd0d09c589eacf \
    --hash=sha256:691671ea05684f921ffc2e935fd3f9311c1795a10fbbfa006b46269733668f66 \
    --hash=sha256:6a9ee62a970075738909909bdbef3a7da9f7ae03dfca584db283547a29503b56 \
    --hash=sha256:8837fbe708cb9d8a2d32a37dee836d24a531f02560db26418e2b181986fa21cb \
    --hash=sha256:a145a7826eddea3eb5814903f98f93756042b919bb5305544cb1331daa2705b1 \
    --hash=sha256:ab45839c912777e2738fed369636589c8b2a6d9c44ca56de0fd0814581d467c2 \
    --hash=sha256:b898caea081303006decc562c7fca5126f7c96507e78dd8f1ae3285dfa50ddc7 \
    --hash=sha256:c48cdb6c904dca76d9915a579e4a5fab6b0c25f650c1019ce78a78effaf7a345 \
    --hash=sha256:ce4cab32c37ef71e69cf88f909b7febd0dd79543e5ae3650e2b874e0f3d3b975 \
    --hash=sha256:e716f47c7f61e11709d3c0904213c94fc22999abf0c41461276cef886c1e8b4d
    # via
    #   opentelemetry-instrumentation
    #   opentelemetry-instrumentation-threading
xxhash==4.0.1 \
    --hash=sha256:0163b5d259de23ae9e07b7eabf435ce4704f6f205589a2b154e6af4be985ce1b \
    --hash=sha256:06713a5aaf1d0905c5579416c020c02e42b3ceb931e86c7d3b7fb85403dee3f3 \
    --hash=sha256:1216f7ba5683f17a89eb7dcb4bc50a0b743dfe1902278d7b3d0786f538118433 \
    --hash=sha256:1642907941ee4b75aacc3db688af52ea02ca2305ab22af7ee686ed726b332684 \
    --hash=sha256:1ee523f51718e41753f04f7102bb4dc55a18d2ea5cbaceef8ec7ca08571bd428 \
    --hash=sha256:237b8f63a2a0fcfb1ffc06e21dad23add44e6d354b2b014364a1d41e419a4dee \
    --hash=sha256:31d86f9e81f3e84e00131ac7c54caf5119ae4ddd82c09c31cff597c813ce1ee2 \
    --hash=sha256:4a76345f5aceb4ec404918edf9c7f2b5507db864dc0d7455982009ac0890b57b \
    --hash=sha256:4af350bc3f329970c0e3a59af84a8a30998bf8a9167eb50cd48e59baaa1d7bec \
    --hash=sha256:515a822c73abbf6a0b7c70976d9662be342835c9d78b8dc7c023411f39c35dbc \
    --hash=sha256:5c2d525a3afabcd8e3549d85fc7e111fde6bc302d06a1893fe73adb79823415e \
    --hash=sha256:5f1ea31d61bcd2cd2f3ec4ca80a64187bbd7948f490b63cf0dcbc6e717b4c1e9 \
    --hash=sha256:7c343ee174d417a44d0c3355602c0cbbfa52a04d1bbbf1723378c7d2c8f60626 \
    --hash=sha256:81507a68ba84c55241fb61cce1469f473a5da4205fc8ef6f698e5948eea8dd88 \
    --hash=sha256:86b2b12bec60c678ed8f5cca0258ad93a8928ebddb6ca7732f0875afe1451d1a \
    --hash=sha256:8ba782ca3bf1e81492611152b9a0d5264971339e95e34d69de0ac2c926be496d \
    --hash=sha256:96d8de55029d42251945531f6aa7590c32b48163c66a43bf29d8657d7446a377 \
    --hash=sha256:c10b9206753b64aa791b35b201485477525b26fdec5bf86e8364c388a03e2592 \
    --hash=sha256:c6fc415b5568bd9accc7187f1729a99707330c0a67a8b9f93c1149ed573ed75d \
    --hash=sha256:d55bf4ef10eb09b8b6866790e083d26d087d84caa3cc0946ba87c3ca7ecaf7b7 \
    --hash=sha256:da0264844a09b538c894e5eff25313d941deb4dedec2131b98418a71a3c9944e \
    --hash=sha256:deca2a30d983d240b8375ec2ee0a4288e72042827fc61df2f7671f8467e4cb2f \
    --hash=sha256:e8cda075b10bb3917b002c74a04f9e02b7d13b5bf732571404d51c52b11c7329 \
    --hash=sha256:f3e1a44af01b6692de0ec6caba5f0bf93ceb36896e02b7fc00952c6ea7ef39e1 \
    --hash=sha256:f5d031f35962e5483a613214e61f09fe24ab523062c3646d592dc16c4a217451 \
    --hash=sha256:ff48915bf1871a1f19f74c11834c6329443d306cedc0c05fe7fe617810422a80
    # via
    #   langgraph
    #   langsmith
zstandard==0.25.0 \
    --hash=sha256:011d388c76b11a0c165374ce660ce2c8efa8e5d87f34996aa80f9c0816698b64 \
    --hash=sha256:10ef2a79ab8e2974e2075fb984e5b9806c64134810fac21576f0668e7ea19f8f \
    --hash=sha256:181eb40e0b6a29b3cd2849f825e0fa34397f649170673d385f3598ae17cca2e9 \
    --hash=sha256:1869da9571d5e94a85a5e8d57e4e8807b175c9e4a6294e3b66fa4efb074d90f6 \
    --hash=sha256:23ebc8f17a03133b4426bcc04aabd68f8236eb78c3760f12783385171b0fd8bd \
    --hash=sha256:474d2596a2dbc241a556e965fb76002c1ce655445e4e3bf38e5477d413165ffa \
    --hash=sha256:5a56ba0db2d244117ed744dfa8f6f5b366e14148e00de44723413b2f3938a902 \
    --hash=sha256:6a573a35693e03cf1d67799fd01b50ff578515a8aeadd4595d2a7fa9f3ec002a \
    --hash=sha256:6dffecc361d079bb48d7caef5d673c88c8988d3d33fb74ab95b7ee6da42652ea \
    --hash=sha256:7149623bba7fdf7e7f24312953bcf73cae103db8cae49f8154dd1eadc8a29ecb \
    --hash=sha256:7713e1179d162cf5c7906da876ec2ccb9c3a9dcbdffef0cc7f70c3667a205f0b \
    --hash=sha256:7b3c3a3ab9daa3eed242d6ecceead93aebbb8f5f84318d82cee643e019c4b73b \
    --hash=sha256:809c5bcb2c67cd0ed81e9229d227d4ca28f82d0f778fc5fea624a9def3963f91 \
    --hash=sha256:913cbd31a400febff93b564a23e17c3ed2d56c064006f54efec210d586171c00 \
    --hash=sha256:99c0c846e6e61718715a3c9437ccc625de26593fea60189567f0118dc9db7512 \
    --hash=sha256:aaf21ba8fb76d102b696781bddaa0954b782536446083ae3fdaa6f16b25a1c4b \
    --hash=sha256:f27662e4f7dbf9f9c12391cb37b4c4c3cb90ffbd3b1fb9284dadbbb8935fa708 \
    --hash=sha256:ffef5a74088f1e09947aecf91011136665152e0b4b359c42be3373897fb39b01
    # via langsmith
